# This file was autogenerated by Stack.
# You should not edit this file by hand.
# For more information, please see the documentation at:
#   https://docs.haskellstack.org/en/stable/lock_files

packages:
- completed:
    hackage: colonnade-1.2.0.2@sha256:c95c2ecff5cfa28c736d8fa662d28b71129f67457068e3f4467b296a621607ab,2099
    pantry-tree:
      size: 327
      sha256: 98ccdd327916e0ff0ea2fa93ff9a96f5d492ae88258b330e991e6dcc4d332496
  original:
    hackage: colonnade-1.2.0.2
- completed:
    hackage: Chart-diagrams-1.9.3@sha256:1535d5d0d3febca63138cecfde234315212611c21bb7f4358b2dae8c55c59003,1801
    pantry-tree:
      size: 934
      sha256: 21558b4300fb173ae47c492d600c836e8a3b744a98372aeb5a5e5d40dd1dee2d
  original:
    hackage: Chart-diagrams-1.9.3
snapshots:
- completed:
    size: 585393
    url: https://raw.githubusercontent.com/commercialhaskell/stackage-snapshots/master/lts/18/0.yaml
    sha256: c632012da648385b9fa3c29f4e0afd56ead299f1c5528ee789058be410e883c0
  original:
    url: https://raw.githubusercontent.com/commercialhaskell/stackage-snapshots/master/lts/18/0.yaml
